
Microsoft Visual Studio Solution File, Format Version 12.00
# Visual Studio 15
VisualStudioVersion = 15.0.27004.2002
MinimumVisualStudioVersion = 10.0.40219.1
Project("{FAE04EC0-301F-11D3-BF4B-00C04F79EFBC}") = "mvc-entity", "mvc-entity\mvc-entity.csproj", "{E03AE46E-C6BB-47FC-8481-4781FD770E93}"
EndProject
Global
	GlobalSection(SolutionConfigurationPlatforms) = preSolution
		Debug|Any CPU = Debug|Any CPU
		Release|Any CPU = Release|Any CPU
	EndGlobalSection
	GlobalSection(ProjectConfigurationPlatforms) = postSolution
		{E03AE46E-C6BB-47FC-8481-4781FD770E93}.Debug|Any CPU.ActiveCfg = Debug|Any CPU
		{E03AE46E-C6BB-47FC-8481-4781FD770E93}.Debug|Any CPU.Build.0 = Debug|Any CPU
		{E03AE46E-C6BB-47FC-8481-4781FD770E93}.Release|Any CPU.ActiveCfg = Release|Any CPU
		{E03AE46E-C6BB-47FC-8481-4781FD770E93}.Release|Any CPU.Build.0 = Release|Any CPU
	EndGlobalSection
	GlobalSection(SolutionProperties) = preSolution
		HideSolutionNode = FALSE
	EndGlobalSection
	GlobalSection(ExtensibilityGlobals) = postSolution
		SolutionGuid = {D2729CEE-F7B2-4B51-9190-20175D9DD4BC}
	EndGlobalSection
EndGlobal
